
Microsoft Visual Studio Solution File, Format Version 12.00
# Visual Studio 15
VisualStudioVersion = 15.0.27004.2005
MinimumVisualStudioVersion = 10.0.40219.1
Project("{FAE04EC0-301F-11D3-BF4B-00C04F79EFBC}") = "ACBr.Net.DFe.Core", "ACBr.Net.DFe.Core\ACBr.Net.DFe.Core.csproj", "{D5613362-449B-4C9D-AC82-7E234CFE545A}"
EndProject
Project("{2150E333-8FDC-42A3-9474-1A3956D46DE8}") = "Shared", "Shared", "{B0D440BA-99BE-47A2-9791-8B56D012B791}"
	ProjectSection(SolutionItems) = preProject
		Shared\ACBr.Net.DFe.Core.AssemblyInfo.cs = Shared\ACBr.Net.DFe.Core.AssemblyInfo.cs
	EndProjectSection
EndProject
Project("{2150E333-8FDC-42A3-9474-1A3956D46DE8}") = "Testes", "Testes", "{63B2512D-A2E1-4376-A984-B527D285242A}"
EndProject
Project("{2150E333-8FDC-42A3-9474-1A3956D46DE8}") = "Libs", "Libs", "{BD191AE8-0354-4749-A543-3B0E28310332}"
EndProject
Project("{FAE04EC0-301F-11D3-BF4B-00C04F79EFBC}") = "ACBr.Net.DFe.Core.Tests", "ACBr.Net.DFe.Core.Tests\ACBr.Net.DFe.Core.Tests.csproj", "{2E3DF5C2-8A38-4A03-86D7-8D463C917E47}"
EndProject
Project("{D954291E-2A0B-460D-934E-DC6B0785DB48}") = "ACBr.Net.DFe.Core.Shared", "ACBr.Net.DFe.Core.Shared\ACBr.Net.DFe.Core.Shared.shproj", "{A391A2ED-C1F2-472C-93DA-0C493BA8EA6B}"
EndProject
Project("{9A19103F-16F7-4668-BE54-9A1E7A4F7556}") = "ACBr.Net.DFe.Core.Standard", "ACBr.Net.DFe.Core.Standard\ACBr.Net.DFe.Core.Standard.csproj", "{6EBE3041-2A58-4760-BCEE-A26C90413058}"
EndProject
Global
	GlobalSection(SharedMSBuildProjectFiles) = preSolution
		ACBr.Net.DFe.Core.Shared\ACBr.Net.DFe.Core.Shared.projitems*{a391a2ed-c1f2-472c-93da-0c493ba8ea6b}*SharedItemsImports = 13
		ACBr.Net.DFe.Core.Shared\ACBr.Net.DFe.Core.Shared.projitems*{d5613362-449b-4c9d-ac82-7e234cfe545a}*SharedItemsImports = 4
	EndGlobalSection
	GlobalSection(SolutionConfigurationPlatforms) = preSolution
		Debug|Any CPU = Debug|Any CPU
		Release|Any CPU = Release|Any CPU
	EndGlobalSection
	GlobalSection(ProjectConfigurationPlatforms) = postSolution
		{D5613362-449B-4C9D-AC82-7E234CFE545A}.Debug|Any CPU.ActiveCfg = Debug|Any CPU
		{D5613362-449B-4C9D-AC82-7E234CFE545A}.Debug|Any CPU.Build.0 = Debug|Any CPU
		{D5613362-449B-4C9D-AC82-7E234CFE545A}.Release|Any CPU.ActiveCfg = Release|Any CPU
		{D5613362-449B-4C9D-AC82-7E234CFE545A}.Release|Any CPU.Build.0 = Release|Any CPU
		{2E3DF5C2-8A38-4A03-86D7-8D463C917E47}.Debug|Any CPU.ActiveCfg = Debug|Any CPU
		{2E3DF5C2-8A38-4A03-86D7-8D463C917E47}.Debug|Any CPU.Build.0 = Debug|Any CPU
		{2E3DF5C2-8A38-4A03-86D7-8D463C917E47}.Release|Any CPU.ActiveCfg = Release|Any CPU
		{2E3DF5C2-8A38-4A03-86D7-8D463C917E47}.Release|Any CPU.Build.0 = Release|Any CPU
		{6EBE3041-2A58-4760-BCEE-A26C90413058}.Debug|Any CPU.ActiveCfg = Debug|Any CPU
		{6EBE3041-2A58-4760-BCEE-A26C90413058}.Debug|Any CPU.Build.0 = Debug|Any CPU
		{6EBE3041-2A58-4760-BCEE-A26C90413058}.Release|Any CPU.ActiveCfg = Release|Any CPU
		{6EBE3041-2A58-4760-BCEE-A26C90413058}.Release|Any CPU.Build.0 = Release|Any CPU
	EndGlobalSection
	GlobalSection(SolutionProperties) = preSolution
		HideSolutionNode = FALSE
	EndGlobalSection
	GlobalSection(NestedProjects) = preSolution
		{D5613362-449B-4C9D-AC82-7E234CFE545A} = {BD191AE8-0354-4749-A543-3B0E28310332}
		{2E3DF5C2-8A38-4A03-86D7-8D463C917E47} = {63B2512D-A2E1-4376-A984-B527D285242A}
		{6EBE3041-2A58-4760-BCEE-A26C90413058} = {BD191AE8-0354-4749-A543-3B0E28310332}
	EndGlobalSection
	GlobalSection(ExtensibilityGlobals) = postSolution
		SolutionGuid = {7889149A-67E6-4C77-9B52-65797006272E}
	EndGlobalSection
EndGlobal
